{
  "nodes": {
    "nixpkgs": {
      "locked": {
        "lastModified": 1755078291,
        "narHash": "sha256-Hu/gTDoi4uy6TAKISPHQusSMy8U6xUbLSDjKBYdhDIY=",
        "owner": "NixOS",
        "repo": "nixpkgs",
        "rev": "3385ca0cd7e14c1a1eb80401fe011705ff012323",
        "type": "github"
      },
      "original": {
        "owner": "NixOS",
        "ref": "nixos-25.05",
        "repo": "nixpkgs",
        "type": "github"
      }
    },
    "root": {
      "inputs": {
        "nixpkgs": "nixpkgs",
        "rust-overlay": "rust-overlay"
      }
    },
    "rust-overlay": {
      "inputs": {
        "nixpkgs": [
          "nixpkgs"
        ]
      },
      "locked": {
        "lastModified": 1755225702,
        "narHash": "sha256-i7Rgs943NqX0RgQW0/l1coi8eWBj3XhxVggMpjjzTsk=",
        "owner": "oxalica",
        "repo": "rust-overlay",
        "rev": "4abaeba6b176979be0da0195b9e4ce86bc501ae4",
        "type": "github"
      },
      "original": {
        "owner": "oxalica",
        "repo": "rust-overlay",
        "type": "github"
      }
    }
  },
  "root": "root",
  "version": 7
}
